
Microsoft Visual Studio Solution File, Format Version 12.00
# Visual Studio Version 16
VisualStudioVersion = 16.0.31019.35
MinimumVisualStudioVersion = 10.0.40219.1
Project("{FAE04EC0-301F-11D3-BF4B-00C04F79EFBC}") = "ContosoUniversity", "ContosoUniversity.csproj", "{6222FD04-42FD-4C6B-98E3-4A20066DD25F}"
EndProject
Global
	GlobalSection(SolutionConfigurationPlatforms) = preSolution
		Debug|Any CPU = Debug|Any CPU
		Release|Any CPU = Release|Any CPU
	EndGlobalSection
	GlobalSection(ProjectConfigurationPlatforms) = postSolution
		{6222FD04-42FD-4C6B-98E3-4A20066DD25F}.Debug|Any CPU.ActiveCfg = Debug|Any CPU
		{6222FD04-42FD-4C6B-98E3-4A20066DD25F}.Debug|Any CPU.Build.0 = Debug|Any CPU
		{6222FD04-42FD-4C6B-98E3-4A20066DD25F}.Release|Any CPU.ActiveCfg = Release|Any CPU
		{6222FD04-42FD-4C6B-98E3-4A20066DD25F}.Release|Any CPU.Build.0 = Release|Any CPU
	EndGlobalSection
	GlobalSection(SolutionProperties) = preSolution
		HideSolutionNode = FALSE
	EndGlobalSection
	GlobalSection(ExtensibilityGlobals) = postSolution
		SolutionGuid = {137B26ED-86B8-46F0-A7A0-B2A55F0CD9D7}
	EndGlobalSection
EndGlobal
